
Microsoft Visual Studio Solution File, Format Version 12.00
# Visual Studio Version 16
VisualStudioVersion = 16.0.29411.108
MinimumVisualStudioVersion = 10.0.40219.1
Project("{FAE04EC0-301F-11D3-BF4B-00C04F79EFBC}") = "DataStructuresAndAlgorithm", "DataStructuresAndAlgorithm\DataStructuresAndAlgorithm.csproj", "{19E20DCD-647A-4FF2-9680-E3B81303F5CF}"
EndProject
Global
	GlobalSection(SolutionConfigurationPlatforms) = preSolution
		Debug|Any CPU = Debug|Any CPU
		Release|Any CPU = Release|Any CPU
	EndGlobalSection
	GlobalSection(ProjectConfigurationPlatforms) = postSolution
		{19E20DCD-647A-4FF2-9680-E3B81303F5CF}.Debug|Any CPU.ActiveCfg = Debug|Any CPU
		{19E20DCD-647A-4FF2-9680-E3B81303F5CF}.Debug|Any CPU.Build.0 = Debug|Any CPU
		{19E20DCD-647A-4FF2-9680-E3B81303F5CF}.Release|Any CPU.ActiveCfg = Release|Any CPU
		{19E20DCD-647A-4FF2-9680-E3B81303F5CF}.Release|Any CPU.Build.0 = Release|Any CPU
	EndGlobalSection
	GlobalSection(SolutionProperties) = preSolution
		HideSolutionNode = FALSE
	EndGlobalSection
	GlobalSection(ExtensibilityGlobals) = postSolution
		SolutionGuid = {79E0118E-4598-484D-A82F-A6EE9D037B3C}
	EndGlobalSection
EndGlobal
